// !$*UTF8*$!
{
	archiveVersion = 1;
	classes = {
	};
	objectVersion = 50;
	objects = {

/* Begin PBXBuildFile section */
		A009AC34214C24130042EAE8 /* AppDelegate.swift in Sources */ = {isa = PBXBuildFile; fileRef = A009AC33214C24130042EAE8 /* AppDelegate.swift */; };
		A009AC36214C24130042EAE8 /* GameScene.sks in Resources */ = {isa = PBXBuildFile; fileRef = A009AC35214C24130042EAE8 /* GameScene.sks */; };
		A009AC38214C24130042EAE8 /* Actions.sks in Resources */ = {isa = PBXBuildFile; fileRef = A009AC37214C24130042EAE8 /* Actions.sks */; };
		A009AC3A214C24130042EAE8 /* GameScene.swift in Sources */ = {isa = PBXBuildFile; fileRef = A009AC39214C24130042EAE8 /* GameScene.swift */; };
		A009AC3C214C24130042EAE8 /* GameViewController.swift in Sources */ = {isa = PBXBuildFile; fileRef = A009AC3B214C24130042EAE8 /* GameViewController.swift */; };
		A009AC3F214C24130042EAE8 /* Main.storyboard in Resources */ = {isa = PBXBuildFile; fileRef = A009AC3D214C24130042EAE8 /* Main.storyboard */; };
		A009AC41214C24260042EAE8 /* Assets.xcassets in Resources */ = {isa = PBXBuildFile; fileRef = A009AC40214C24260042EAE8 /* Assets.xcassets */; };
		A009AC44214C24260042EAE8 /* LaunchScreen.storyboard in Resources */ = {isa = PBXBuildFile; fileRef = A009AC42214C24260042EAE8 /* LaunchScreen.storyboard */; };
		A009AC4F214C24270042EAE8 /* Orange_treeTests.swift in Sources */ = {isa = PBXBuildFile; fileRef = A009AC4E214C24270042EAE8 /* Orange_treeTests.swift */; };
		A009AC5A214C24270042EAE8 /* Orange_treeUITests.swift in Sources */ = {isa = PBXBuildFile; fileRef = A009AC59214C24270042EAE8 /* Orange_treeUITests.swift */; };
/* End PBXBuildFile section */

/* Begin PBXContainerItemProxy section */
		A009AC4B214C24270042EAE8 /* PBXContainerItemProxy */ = {
			isa = PBXContainerItemProxy;
			containerPortal = A009AC28214C24130042EAE8 /* Project object */;
			proxyType = 1;
			remoteGlobalIDString = A009AC2F214C24130042EAE8;
			remoteInfo = "Orange tree";
		};
		A009AC56214C24270042EAE8 /* PBXContainerItemProxy */ = {
			isa = PBXContainerItemProxy;
			containerPortal = A009AC28214C24130042EAE8 /* Project object */;
			proxyType = 1;
			remoteGlobalIDString = A009AC2F214C24130042EAE8;
			remoteInfo = "Orange tree";
		};
/* End PBXContainerItemProxy section */

/* Begin PBXFileReference section */
		A009AC30214C24130042EAE8 /* Orange tree.app */ = {isa = PBXFileReference; explicitFileType = wrapper.application; includeInIndex = 0; path = "Orange tree.app"; sourceTree = BUILT_PRODUCTS_DIR; };
		A009AC33214C24130042EAE8 /* AppDelegate.swift */ = {isa = PBXFileReference; lastKnownFileType = sourcecode.swift; path = AppDelegate.swift; sourceTree = "<group>"; };
		A009AC35214C24130042EAE8 /* GameScene.sks */ = {isa = PBXFileReference; lastKnownFileType = file.sks; path = GameScene.sks; sourceTree = "<group>"; };
		A009AC37214C24130042EAE8 /* Actions.sks */ = {isa = PBXFileReference; lastKnownFileType = file.sks; path = Actions.sks; sourceTree = "<group>"; };
		A009AC39214C24130042EAE8 /* GameScene.swift */ = {isa = PBXFileReference; lastKnownFileType = sourcecode.swift; path = GameScene.swift; sourceTree = "<group>"; };
		A009AC3B214C24130042EAE8 /* GameViewController.swift */ = {isa = PBXFileReference; lastKnownFileType = sourcecode.swift; path = GameViewController.swift; sourceTree = "<group>"; };
		A009AC3E214C24130042EAE8 /* Base */ = {isa = PBXFileReference; lastKnownFileType = file.storyboard; name = Base; path = Base.lproj/Main.storyboard; sourceTree = "<group>"; };
		A009AC40214C24260042EAE8 /* Assets.xcassets */ = {isa = PBXFileReference; lastKnownFileType = folder.assetcatalog; path = Assets.xcassets; sourceTree = "<group>"; };
		A009AC43214C24260042EAE8 /* Base */ = {isa = PBXFileReference; lastKnownFileType = file.storyboard; name = Base; path = Base.lproj/LaunchScreen.storyboard; sourceTree = "<group>"; };
		A009AC45214C24260042EAE8 /* Info.plist */ = {isa = PBXFileReference; lastKnownFileType = text.plist.xml; path = Info.plist; sourceTree = "<group>"; };
		A009AC4A214C24270042EAE8 /* Orange treeTests.xctest */ = {isa = PBXFileReference; explicitFileType = wrapper.cfbundle; includeInIndex = 0; path = "Orange treeTests.xctest"; sourceTree = BUILT_PRODUCTS_DIR; };
		A009AC4E214C24270042EAE8 /* Orange_treeTests.swift */ = {isa = PBXFileReference; lastKnownFileType = sourcecode.swift; path = Orange_treeTests.swift; sourceTree = "<group>"; };
		A009AC50214C24270042EAE8 /* Info.plist */ = {isa = PBXFileReference; lastKnownFileType = text.plist.xml; path = Info.plist; sourceTree = "<group>"; };
		A009AC55214C24270042EAE8 /* Orange treeUITests.xctest */ = {isa = PBXFileReference; explicitFileType = wrapper.cfbundle; includeInIndex = 0; path = "Orange treeUITests.xctest"; sourceTree = BUILT_PRODUCTS_DIR; };
		A009AC59214C24270042EAE8 /* Orange_treeUITests.swift */ = {isa = PBXFileReference; lastKnownFileType = sourcecode.swift; path = Orange_treeUITests.swift; sourceTree = "<group>"; };
		A009AC5B214C24270042EAE8 /* Info.plist */ = {isa = PBXFileReference; lastKnownFileType = text.plist.xml; path = Info.plist; sourceTree = "<group>"; };
/* End PBXFileReference section */

/* Begin PBXFrameworksBuildPhase section */
		A009AC2D214C24130042EAE8 /* Frameworks */ = {
			isa = PBXFrameworksBuildPhase;
			buildActionMask = 2147483647;
			files = (
			);
			runOnlyForDeploymentPostprocessing = 0;
		};
		A009AC47214C24270042EAE8 /* Frameworks */ = {
			isa = PBXFrameworksBuildPhase;
			buildActionMask = 2147483647;
			files = (
			);
			runOnlyForDeploymentPostprocessing = 0;
		};
		A009AC52214C24270042EAE8 /* Frameworks */ = {
			isa = PBXFrameworksBuildPhase;
			buildActionMask = 2147483647;
			files = (
			);
			runOnlyForDeploymentPostprocessing = 0;
		};
/* End PBXFrameworksBuildPhase section */

/* Begin PBXGroup section */
		A009AC27214C24130042EAE8 = {
			isa = PBXGroup;
			children = (
				A009AC32214C24130042EAE8 /* Orange tree */,
				A009AC4D214C24270042EAE8 /* Orange treeTests */,
				A009AC58214C24270042EAE8 /* Orange treeUITests */,
				A009AC31214C24130042EAE8 /* Products */,
			);
			sourceTree = "<group>";
		};
		A009AC31214C24130042EAE8 /* Products */ = {
			isa = PBXGroup;
			children = (
				A009AC30214C24130042EAE8 /* Orange tree.app */,
				A009AC4A214C24270042EAE8 /* Orange treeTests.xctest */,
				A009AC55214C24270042EAE8 /* Orange treeUITests.xctest */,
			);
			name = Products;
			sourceTree = "<group>";
		};
		A009AC32214C24130042EAE8 /* Orange tree */ = {
			isa = PBXGroup;
			children = (
				A009AC33214C24130042EAE8 /* AppDelegate.swift */,
				A009AC35214C24130042EAE8 /* GameScene.sks */,
				A009AC37214C24130042EAE8 /* Actions.sks */,
				A009AC39214C24130042EAE8 /* GameScene.swift */,
				A009AC3B214C24130042EAE8 /* GameViewController.swift */,
				A009AC3D214C24130042EAE8 /* Main.storyboard */,
				A009AC40214C24260042EAE8 /* Assets.xcassets */,
				A009AC42214C24260042EAE8 /* LaunchScreen.storyboard */,
				A009AC45214C24260042EAE8 /* Info.plist */,
			);
			path = "Orange tree";
			sourceTree = "<group>";
		};
		A009AC4D214C24270042EAE8 /* Orange treeTests */ = {
			isa = PBXGroup;
			children = (
				A009AC4E214C24270042EAE8 /* Orange_treeTests.swift */,
				A009AC50214C24270042EAE8 /* Info.plist */,
			);
			path = "Orange treeTests";
			sourceTree = "<group>";
		};
		A009AC58214C24270042EAE8 /* Orange treeUITests */ = {
			isa = PBXGroup;
			children = (
				A009AC59214C24270042EAE8 /* Orange_treeUITests.swift */,
				A009AC5B214C24270042EAE8 /* Info.plist */,
			);
			path = "Orange treeUITests";
			sourceTree = "<group>";
		};
/* End PBXGroup section */

/* Begin PBXNativeTarget section */
		A009AC2F214C24130042EAE8 /* Orange tree */ = {
			isa = PBXNativeTarget;
			buildConfigurationList = A009AC5E214C24270042EAE8 /* Build configuration list for PBXNativeTarget "Orange tree" */;
			buildPhases = (
				A009AC2C214C24130042EAE8 /* Sources */,
				A009AC2D214C24130042EAE8 /* Frameworks */,
				A009AC2E214C24130042EAE8 /* Resources */,
			);
			buildRules = (
			);
			dependencies = (
			);
			name = "Orange tree";
			productName = "Orange tree";
			productReference = A009AC30214C24130042EAE8 /* Orange tree.app */;
			productType = "com.apple.product-type.application";
		};
		A009AC49214C24270042EAE8 /* Orange treeTests */ = {
			isa = PBXNativeTarget;
			buildConfigurationList = A009AC61214C24270042EAE8 /* Build configuration list for PBXNativeTarget "Orange treeTests" */;
			buildPhases = (
				A009AC46214C24270042EAE8 /* Sources */,
				A009AC47214C24270042EAE8 /* Frameworks */,
				A009AC48214C24270042EAE8 /* Resources */,
			);
			buildRules = (
			);
			dependencies = (
				A009AC4C214C24270042EAE8 /* PBXTargetDependency */,
			);
			name = "Orange treeTests";
			productName = "Orange treeTests";
			productReference = A009AC4A214C24270042EAE8 /* Orange treeTests.xctest */;
			productType = "com.apple.product-type.bundle.unit-test";
		};
		A009AC54214C24270042EAE8 /* Orange treeUITests */ = {
			isa = PBXNativeTarget;
			buildConfigurationList = A009AC64214C24270042EAE8 /* Build configuration list for PBXNativeTarget "Orange treeUITests" */;
			buildPhases = (
				A009AC51214C24270042EAE8 /* Sources */,
				A009AC52214C24270042EAE8 /* Frameworks */,
				A009AC53214C24270042EAE8 /* Resources */,
			);
			buildRules = (
			);
			dependencies = (
				A009AC57214C24270042EAE8 /* PBXTargetDependency */,
			);
			name = "Orange treeUITests";
			productName = "Orange treeUITests";
			productReference = A009AC55214C24270042EAE8 /* Orange treeUITests.xctest */;
			productType = "com.apple.product-type.bundle.ui-testing";
		};
/* End PBXNativeTarget section */

/* Begin PBXProject section */
		A009AC28214C24130042EAE8 /* Project object */ = {
			isa = PBXProject;
			attributes = {
				LastSwiftUpdateCheck = 0940;
				LastUpgradeCheck = 0940;
				ORGANIZATIONNAME = "Kaymel White";
				TargetAttributes = {
					A009AC2F214C24130042EAE8 = {
						CreatedOnToolsVersion = 9.4.1;
					};
					A009AC49214C24270042EAE8 = {
						CreatedOnToolsVersion = 9.4.1;
						TestTargetID = A009AC2F214C24130042EAE8;
					};
					A009AC54214C24270042EAE8 = {
						CreatedOnToolsVersion = 9.4.1;
						TestTargetID = A009AC2F214C24130042EAE8;
					};
				};
			};
			buildConfigurationList = A009AC2B214C24130042EAE8 /* Build configuration list for PBXProject "Orange tree" */;
			compatibilityVersion = "Xcode 9.3";
			developmentRegion = en;
			hasScannedForEncodings = 0;
			knownRegions = (
				en,
				Base,
			);
			mainGroup = A009AC27214C24130042EAE8;
			productRefGroup = A009AC31214C24130042EAE8 /* Products */;
			projectDirPath = "";
			projectRoot = "";
			targets = (
				A009AC2F214C24130042EAE8 /* Orange tree */,
				A009AC49214C24270042EAE8 /* Orange treeTests */,
				A009AC54214C24270042EAE8 /* Orange treeUITests */,
			);
		};
/* End PBXProject section */

/* Begin PBXResourcesBuildPhase section */
		A009AC2E214C24130042EAE8 /* Resources */ = {
			isa = PBXResourcesBuildPhase;
			buildActionMask = 2147483647;
			files = (
				A009AC3F214C24130042EAE8 /* Main.storyboard in Resources */,
				A009AC36214C24130042EAE8 /* GameScene.sks in Resources */,
				A009AC41214C24260042EAE8 /* Assets.xcassets in Resources */,
				A009AC44214C24260042EAE8 /* LaunchScreen.storyboard in Resources */,
				A009AC38214C24130042EAE8 /* Actions.sks in Resources */,
			);
			runOnlyForDeploymentPostprocessing = 0;
		};
		A009AC48214C24270042EAE8 /* Resources */ = {
			isa = PBXResourcesBuildPhase;
			buildActionMask = 2147483647;
			files = (
			);
			runOnlyForDeploymentPostprocessing = 0;
		};
		A009AC53214C24270042EAE8 /* Resources */ = {
			isa = PBXResourcesBuildPhase;
			buildActionMask = 2147483647;
			files = (
			);
			runOnlyForDeploymentPostprocessing = 0;
		};
/* End PBXResourcesBuildPhase section */

/* Begin PBXSourcesBuildPhase section */
		A009AC2C214C24130042EAE8 /* Sources */ = {
			isa = PBXSourcesBuildPhase;
			buildActionMask = 2147483647;
			files = (
				A009AC3A214C24130042EAE8 /* GameScene.swift in Sources */,
				A009AC3C214C24130042EAE8 /* GameViewController.swift in Sources */,
				A009AC34214C24130042EAE8 /* AppDelegate.swift in Sources */,
			);
			runOnlyForDeploymentPostprocessing = 0;
		};
		A009AC46214C24270042EAE8 /* Sources */ = {
			isa = PBXSourcesBuildPhase;
			buildActionMask = 2147483647;
			files = (
				A009AC4F214C24270042EAE8 /* Orange_treeTests.swift in Sources */,
			);
			runOnlyForDeploymentPostprocessing = 0;
		};
		A009AC51214C24270042EAE8 /* Sources */ = {
			isa = PBXSourcesBuildPhase;
			buildActionMask = 2147483647;
			files = (
				A009AC5A214C24270042EAE8 /* Orange_treeUITests.swift in Sources */,
			);
			runOnlyForDeploymentPostprocessing = 0;
		};
/* End PBXSourcesBuildPhase section */

/* Begin PBXTargetDependency section */
		A009AC4C214C24270042EAE8 /* PBXTargetDependency */ = {
			isa = PBXTargetDependency;
			target = A009AC2F214C24130042EAE8 /* Orange tree */;
			targetProxy = A009AC4B214C24270042EAE8 /* PBXContainerItemProxy */;
		};
		A009AC57214C24270042EAE8 /* PBXTargetDependency */ = {
			isa = PBXTargetDependency;
			target = A009AC2F214C24130042EAE8 /* Orange tree */;
			targetProxy = A009AC56214C24270042EAE8 /* PBXContainerItemProxy */;
		};
/* End PBXTargetDependency section */

/* Begin PBXVariantGroup section */
		A009AC3D214C24130042EAE8 /* Main.storyboard */ = {
			isa = PBXVariantGroup;
			children = (
				A009AC3E214C24130042EAE8 /* Base */,
			);
			name = Main.storyboard;
			sourceTree = "<group>";
		};
		A009AC42214C24260042EAE8 /* LaunchScreen.storyboard */ = {
			isa = PBXVariantGroup;
			children = (
				A009AC43214C24260042EAE8 /* Base */,
			);
			name = LaunchScreen.storyboard;
			sourceTree = "<group>";
		};
/* End PBXVariantGroup section */

/* Begin XCBuildConfiguration section */
		A009AC5C214C24270042EAE8 /* Debug */ = {
			isa = XCBuildConfiguration;
			buildSettings = {
				ALWAYS_SEARCH_USER_PATHS = NO;
				CLANG_ANALYZER_NONNULL = YES;
				CLANG_ANALYZER_NUMBER_OBJECT_CONVERSION = YES_AGGRESSIVE;
				CLANG_CXX_LANGUAGE_STANDARD = "gnu++14";
				CLANG_CXX_LIBRARY = "libc++";
				CLANG_ENABLE_MODULES = YES;
				CLANG_ENABLE_OBJC_ARC = YES;
				CLANG_ENABLE_OBJC_WEAK = YES;
				CLANG_WARN_BLOCK_CAPTURE_AUTORELEASING = YES;
				CLANG_WARN_BOOL_CONVERSION = YES;
				CLANG_WARN_COMMA = YES;
				CLANG_WARN_CONSTANT_CONVERSION = YES;
				CLANG_WARN_DEPRECATED_OBJC_IMPLEMENTATIONS = YES;
				CLANG_WARN_DIRECT_OBJC_ISA_USAGE = YES_ERROR;
				CLANG_WARN_DOCUMENTATION_COMMENTS = YES;
				CLANG_WARN_EMPTY_BODY = YES;
				CLANG_WARN_ENUM_CONVERSION = YES;
				CLANG_WARN_INFINITE_RECURSION = YES;
				CLANG_WARN_INT_CONVERSION = YES;
				CLANG_WARN_NON_LITERAL_NULL_CONVERSION = YES;
				CLANG_WARN_OBJC_IMPLICIT_RETAIN_SELF = YES;
				CLANG_WARN_OBJC_LITERAL_CONVERSION = YES;
				CLANG_WARN_OBJC_ROOT_CLASS = YES_ERROR;
				CLANG_WARN_RANGE_LOOP_ANALYSIS = YES;
				CLANG_WARN_STRICT_PROTOTYPES = YES;
				CLANG_WARN_SUSPICIOUS_MOVE = YES;
				CLANG_WARN_UNGUARDED_AVAILABILITY = YES_AGGRESSIVE;
				CLANG_WARN_UNREACHABLE_CODE = YES;
				CLANG_WARN__DUPLICATE_METHOD_MATCH = YES;
				CODE_SIGN_IDENTITY = "iPhone Developer";
				COPY_PHASE_STRIP = NO;
				DEBUG_INFORMATION_FORMAT = dwarf;
				ENABLE_STRICT_OBJC_MSGSEND = YES;
				ENABLE_TESTABILITY = YES;
				GCC_C_LANGUAGE_STANDARD = gnu11;
				GCC_DYNAMIC_NO_PIC = NO;
				GCC_NO_COMMON_BLOCKS = YES;
				GCC_OPTIMIZATION_LEVEL = 0;
				GCC_PREPROCESSOR_DEFINITIONS = (
					"DEBUG=1",
					"$(inherited)",
				);
				GCC_WARN_64_TO_32_BIT_CONVERSION = YES;
				GCC_WARN_ABOUT_RETURN_TYPE = YES_ERROR;
				GCC_WARN_UNDECLARED_SELECTOR = YES;
				GCC_WARN_UNINITIALIZED_AUTOS = YES_AGGRESSIVE;
				GCC_WARN_UNUSED_FUNCTION = YES;
				GCC_WARN_UNUSED_VARIABLE = YES;
				IPHONEOS_DEPLOYMENT_TARGET = 11.4;
				MTL_ENABLE_DEBUG_INFO = YES;
				ONLY_ACTIVE_ARCH = YES;
				SDKROOT = iphoneos;
				SWIFT_ACTIVE_COMPILATION_CONDITIONS = DEBUG;
				SWIFT_OPTIMIZATION_LEVEL = "-Onone";
			};
			name = Debug;
		};
		A009AC5D214C24270042EAE8 /* Release */ = {
			isa = XCBuildConfiguration;
			buildSettings = {
				ALWAYS_SEARCH_USER_PATHS = NO;
				CLANG_ANALYZER_NONNULL = YES;
				CLANG_ANALYZER_NUMBER_OBJECT_CONVERSION = YES_AGGRESSIVE;
				CLANG_CXX_LANGUAGE_STANDARD = "gnu++14";
				CLANG_CXX_LIBRARY = "libc++";
				CLANG_ENABLE_MODULES = YES;
				CLANG_ENABLE_OBJC_ARC = YES;
				CLANG_ENABLE_OBJC_WEAK = YES;
				CLANG_WARN_BLOCK_CAPTURE_AUTORELEASING = YES;
				CLANG_WARN_BOOL_CONVERSION = YES;
				CLANG_WARN_COMMA = YES;
				CLANG_WARN_CONSTANT_CONVERSION = YES;
				CLANG_WARN_DEPRECATED_OBJC_IMPLEMENTATIONS = YES;
				CLANG_WARN_DIRECT_OBJC_ISA_USAGE = YES_ERROR;
				CLANG_WARN_DOCUMENTATION_COMMENTS = YES;
				CLANG_WARN_EMPTY_BODY = YES;
				CLANG_WARN_ENUM_CONVERSION = YES;
				CLANG_WARN_INFINITE_RECURSION = YES;
				CLANG_WARN_INT_CONVERSION = YES;
				CLANG_WARN_NON_LITERAL_NULL_CONVERSION = YES;
				CLANG_WARN_OBJC_IMPLICIT_RETAIN_SELF = YES;
				CLANG_WARN_OBJC_LITERAL_CONVERSION = YES;
				CLANG_WARN_OBJC_ROOT_CLASS = YES_ERROR;
				CLANG_WARN_RANGE_LOOP_ANALYSIS = YES;
				CLANG_WARN_STRICT_PROTOTYPES = YES;
				CLANG_WARN_SUSPICIOUS_MOVE = YES;
				CLANG_WARN_UNGUARDED_AVAILABILITY = YES_AGGRESSIVE;
				CLANG_WARN_UNREACHABLE_CODE = YES;
				CLANG_WARN__DUPLICATE_METHOD_MATCH = YES;
				CODE_SIGN_IDENTITY = "iPhone Developer";
				COPY_PHASE_STRIP = NO;
				DEBUG_INFORMATION_FORMAT = "dwarf-with-dsym";
				ENABLE_NS_ASSERTIONS = NO;
				ENABLE_STRICT_OBJC_MSGSEND = YES;
				GCC_C_LANGUAGE_STANDARD = gnu11;
				GCC_NO_COMMON_BLOCKS = YES;
				GCC_WARN_64_TO_32_BIT_CONVERSION = YES;
				GCC_WARN_ABOUT_RETURN_TYPE = YES_ERROR;
				GCC_WARN_UNDECLARED_SELECTOR = YES;
				GCC_WARN_UNINITIALIZED_AUTOS = YES_AGGRESSIVE;
				GCC_WARN_UNUSED_FUNCTION = YES;
				GCC_WARN_UNUSED_VARIABLE = YES;
				IPHONEOS_DEPLOYMENT_TARGET = 11.4;
				MTL_ENABLE_DEBUG_INFO = NO;
				SDKROOT = iphoneos;
				SWIFT_COMPILATION_MODE = wholemodule;
				SWIFT_OPTIMIZATION_LEVEL = "-O";
				VALIDATE_PRODUCT = YES;
			};
			name = Release;
		};
		A009AC5F214C24270042EAE8 /* Debug */ = {
			isa = XCBuildConfiguration;
			buildSettings = {
				ASSETCATALOG_COMPILER_APPICON_NAME = AppIcon;
				CODE_SIGN_STYLE = Automatic;
				DEVELOPMENT_TEAM = 9X8B5HZJKZ;
				INFOPLIST_FILE = "Orange tree/Info.plist";
				LD_RUNPATH_SEARCH_PATHS = (
					"$(inherited)",
					"@executable_path/Frameworks",
				);
				PRODUCT_BUNDLE_IDENTIFIER = "com.Mel.Orange-tree";
				PRODUCT_NAME = "$(TARGET_NAME)";
				SWIFT_VERSION = 4.0;
				TARGETED_DEVICE_FAMILY = "1,2";
			};
			name = Debug;
		};
		A009AC60214C24270042EAE8 /* Release */ = {
			isa = XCBuildConfiguration;
			buildSettings = {
				ASSETCATALOG_COMPILER_APPICON_NAME = AppIcon;
				CODE_SIGN_STYLE = Automatic;
				DEVELOPMENT_TEAM = 9X8B5HZJKZ;
				INFOPLIST_FILE = "Orange tree/Info.plist";
				LD_RUNPATH_SEARCH_PATHS = (
					"$(inherited)",
					"@executable_path/Frameworks",
				);
				PRODUCT_BUNDLE_IDENTIFIER = "com.Mel.Orange-tree";
				PRODUCT_NAME = "$(TARGET_NAME)";
				SWIFT_VERSION = 4.0;
				TARGETED_DEVICE_FAMILY = "1,2";
			};
			name = Release;
		};
		A009AC62214C24270042EAE8 /* Debug */ = {
			isa = XCBuildConfiguration;
			buildSettings = {
				ALWAYS_EMBED_SWIFT_STANDARD_LIBRARIES = YES;
				BUNDLE_LOADER = "$(TEST_HOST)";
				CODE_SIGN_STYLE = Automatic;
				DEVELOPMENT_TEAM = 9X8B5HZJKZ;
				INFOPLIST_FILE = "Orange treeTests/Info.plist";
				LD_RUNPATH_SEARCH_PATHS = (
					"$(inherited)",
					"@executable_path/Frameworks",
					"@loader_path/Frameworks",
				);
				PRODUCT_BUNDLE_IDENTIFIER = "com.Mel.Orange-treeTests";
				PRODUCT_NAME = "$(TARGET_NAME)";
				SWIFT_VERSION = 4.0;
				TARGETED_DEVICE_FAMILY = "1,2";
				TEST_HOST = "$(BUILT_PRODUCTS_DIR)/Orange tree.app/Orange tree";
			};
			name = Debug;
		};
		A009AC63214C24270042EAE8 /* Release */ = {
			isa = XCBuildConfiguration;
			buildSettings = {
				ALWAYS_EMBED_SWIFT_STANDARD_LIBRARIES = YES;
				BUNDLE_LOADER = "$(TEST_HOST)";
				CODE_SIGN_STYLE = Automatic;
				DEVELOPMENT_TEAM = 9X8B5HZJKZ;
				INFOPLIST_FILE = "Orange treeTests/Info.plist";
				LD_RUNPATH_SEARCH_PATHS = (
					"$(inherited)",
					"@executable_path/Frameworks",
					"@loader_path/Frameworks",
				);
				PRODUCT_BUNDLE_IDENTIFIER = "com.Mel.Orange-treeTests";
				PRODUCT_NAME = "$(TARGET_NAME)";
				SWIFT_VERSION = 4.0;
				TARGETED_DEVICE_FAMILY = "1,2";
				TEST_HOST = "$(BUILT_PRODUCTS_DIR)/Orange tree.app/Orange tree";
			};
			name = Release;
		};
		A009AC65214C24270042EAE8 /* Debug */ = {
			isa = XCBuildConfiguration;
			buildSettings = {
				ALWAYS_EMBED_SWIFT_STANDARD_LIBRARIES = YES;
				CODE_SIGN_STYLE = Automatic;
				DEVELOPMENT_TEAM = 9X8B5HZJKZ;
				INFOPLIST_FILE = "Orange treeUITests/Info.plist";
				LD_RUNPATH_SEARCH_PATHS = (
					"$(inherited)",
					"@executable_path/Frameworks",
					"@loader_path/Frameworks",
				);
				PRODUCT_BUNDLE_IDENTIFIER = "com.Mel.Orange-treeUITests";
				PRODUCT_NAME = "$(TARGET_NAME)";
				SWIFT_VERSION = 4.0;
				TARGETED_DEVICE_FAMILY = "1,2";
				TEST_TARGET_NAME = "Orange tree";
			};
			name = Debug;
		};
		A009AC66214C24270042EAE8 /* Release */ = {
			isa = XCBuildConfiguration;
			buildSettings = {
				ALWAYS_EMBED_SWIFT_STANDARD_LIBRARIES = YES;
				CODE_SIGN_STYLE = Automatic;
				DEVELOPMENT_TEAM = 9X8B5HZJKZ;
				INFOPLIST_FILE = "Orange treeUITests/Info.plist";
				LD_RUNPATH_SEARCH_PATHS = (
					"$(inherited)",
					"@executable_path/Frameworks",
					"@loader_path/Frameworks",
				);
				PRODUCT_BUNDLE_IDENTIFIER = "com.Mel.Orange-treeUITests";
				PRODUCT_NAME = "$(TARGET_NAME)";
				SWIFT_VERSION = 4.0;
				TARGETED_DEVICE_FAMILY = "1,2";
				TEST_TARGET_NAME = "Orange tree";
			};
			name = Release;
		};
/* End XCBuildConfiguration section */

/* Begin XCConfigurationList section */
		A009AC2B214C24130042EAE8 /* Build configuration list for PBXProject "Orange tree" */ = {
			isa = XCConfigurationList;
			buildConfigurations = (
				A009AC5C214C24270042EAE8 /* Debug */,
				A009AC5D214C24270042EAE8 /* Release */,
			);
			defaultConfigurationIsVisible = 0;
			defaultConfigurationName = Release;
		};
		A009AC5E214C24270042EAE8 /* Build configuration list for PBXNativeTarget "Orange tree" */ = {
			isa = XCConfigurationList;
			buildConfigurations = (
				A009AC5F214C24270042EAE8 /* Debug */,
				A009AC60214C24270042EAE8 /* Release */,
			);
			defaultConfigurationIsVisible = 0;
			defaultConfigurationName = Release;
		};
		A009AC61214C24270042EAE8 /* Build configuration list for PBXNativeTarget "Orange treeTests" */ = {
			isa = XCConfigurationList;
			buildConfigurations = (
				A009AC62214C24270042EAE8 /* Debug */,
				A009AC63214C24270042EAE8 /* Release */,
			);
			defaultConfigurationIsVisible = 0;
			defaultConfigurationName = Release;
		};
		A009AC64214C24270042EAE8 /* Build configuration list for PBXNativeTarget "Orange treeUITests" */ = {
			isa = XCConfigurationList;
			buildConfigurations = (
				A009AC65214C24270042EAE8 /* Debug */,
				A009AC66214C24270042EAE8 /* Release */,
			);
			defaultConfigurationIsVisible = 0;
			defaultConfigurationName = Release;
		};
/* End XCConfigurationList section */
	};
	rootObject = A009AC28214C24130042EAE8 /* Project object */;
}
